
Microsoft Visual Studio Solution File, Format Version 12.00
Project("{FAE04EC0-301F-11D3-BF4B-00C04F79EFBC}") = "WebApplication1", "WebApplication1\WebApplication1.csproj", "{647F31DB-58A6-4174-91C6-E59EFBCAB6DE}"
EndProject
Global
	GlobalSection(SolutionConfigurationPlatforms) = preSolution
		Debug|Any CPU = Debug|Any CPU
		Release|Any CPU = Release|Any CPU
	EndGlobalSection
	GlobalSection(ProjectConfigurationPlatforms) = postSolution
		{647F31DB-58A6-4174-91C6-E59EFBCAB6DE}.Debug|Any CPU.ActiveCfg = Debug|Any CPU
		{647F31DB-58A6-4174-91C6-E59EFBCAB6DE}.Debug|Any CPU.Build.0 = Debug|Any CPU
		{647F31DB-58A6-4174-91C6-E59EFBCAB6DE}.Release|Any CPU.ActiveCfg = Release|Any CPU
		{647F31DB-58A6-4174-91C6-E59EFBCAB6DE}.Release|Any CPU.Build.0 = Release|Any CPU
	EndGlobalSection
EndGlobal
